
Microsoft Visual Studio Solution File, Format Version 12.00
# Visual Studio 15
VisualStudioVersion = 15.0.28307.645
MinimumVisualStudioVersion = 10.0.40219.1
Project("{FAE04EC0-301F-11D3-BF4B-00C04F79EFBC}") = "apiContacts", "apiContacts\apiContacts.csproj", "{4F9A5511-5078-4FCC-A951-184C9E8C46D2}"
EndProject
Project("{FAE04EC0-301F-11D3-BF4B-00C04F79EFBC}") = "AppContacts.Android", "AppContacts\AppContacts.Android\AppContacts.Android.csproj", "{6A28D199-2BA4-4368-9224-8F305C9C2746}"
EndProject
Project("{FAE04EC0-301F-11D3-BF4B-00C04F79EFBC}") = "AppContacts.iOS", "AppContacts\AppContacts.iOS\AppContacts.iOS.csproj", "{8B703FF3-9DBF-4F2C-8C36-A65DA6B2FD49}"
EndProject
Project("{FAE04EC0-301F-11D3-BF4B-00C04F79EFBC}") = "AppContacts", "AppContacts\AppContacts\AppContacts.csproj", "{601A44C5-4CF5-441C-9996-32816B97090C}"
EndProject
Global
	GlobalSection(SolutionConfigurationPlatforms) = preSolution
		Ad-Hoc|Any CPU = Ad-Hoc|Any CPU
		Ad-Hoc|iPhone = Ad-Hoc|iPhone
		Ad-Hoc|iPhoneSimulator = Ad-Hoc|iPhoneSimulator
		AppStore|Any CPU = AppStore|Any CPU
		AppStore|iPhone = AppStore|iPhone
		AppStore|iPhoneSimulator = AppStore|iPhoneSimulator
		Debug|Any CPU = Debug|Any CPU
		Debug|iPhone = Debug|iPhone
		Debug|iPhoneSimulator = Debug|iPhoneSimulator
		Release|Any CPU = Release|Any CPU
		Release|iPhone = Release|iPhone
		Release|iPhoneSimulator = Release|iPhoneSimulator
	EndGlobalSection
	GlobalSection(ProjectConfigurationPlatforms) = postSolution
		{4F9A5511-5078-4FCC-A951-184C9E8C46D2}.Ad-Hoc|Any CPU.ActiveCfg = Release|Any CPU
		{4F9A5511-5078-4FCC-A951-184C9E8C46D2}.Ad-Hoc|Any CPU.Build.0 = Release|Any CPU
		{4F9A5511-5078-4FCC-A951-184C9E8C46D2}.Ad-Hoc|iPhone.ActiveCfg = Release|Any CPU
		{4F9A5511-5078-4FCC-A951-184C9E8C46D2}.Ad-Hoc|iPhone.Build.0 = Release|Any CPU
		{4F9A5511-5078-4FCC-A951-184C9E8C46D2}.Ad-Hoc|iPhoneSimulator.ActiveCfg = Release|Any CPU
		{4F9A5511-5078-4FCC-A951-184C9E8C46D2}.Ad-Hoc|iPhoneSimulator.Build.0 = Release|Any CPU
		{4F9A5511-5078-4FCC-A951-184C9E8C46D2}.AppStore|Any CPU.ActiveCfg = Release|Any CPU
		{4F9A5511-5078-4FCC-A951-184C9E8C46D2}.AppStore|Any CPU.Build.0 = Release|Any CPU
		{4F9A5511-5078-4FCC-A951-184C9E8C46D2}.AppStore|iPhone.ActiveCfg = Release|Any CPU
		{4F9A5511-5078-4FCC-A951-184C9E8C46D2}.AppStore|iPhone.Build.0 = Release|Any CPU
		{4F9A5511-5078-4FCC-A951-184C9E8C46D2}.AppStore|iPhoneSimulator.ActiveCfg = Release|Any CPU
		{4F9A5511-5078-4FCC-A951-184C9E8C46D2}.AppStore|iPhoneSimulator.Build.0 = Release|Any CPU
		{4F9A5511-5078-4FCC-A951-184C9E8C46D2}.Debug|Any CPU.ActiveCfg = Debug|Any CPU
		{4F9A5511-5078-4FCC-A951-184C9E8C46D2}.Debug|Any CPU.Build.0 = Debug|Any CPU
		{4F9A5511-5078-4FCC-A951-184C9E8C46D2}.Debug|iPhone.ActiveCfg = Debug|Any CPU
		{4F9A5511-5078-4FCC-A951-184C9E8C46D2}.Debug|iPhone.Build.0 = Debug|Any CPU
		{4F9A5511-5078-4FCC-A951-184C9E8C46D2}.Debug|iPhoneSimulator.ActiveCfg = Debug|Any CPU
		{4F9A5511-5078-4FCC-A951-184C9E8C46D2}.Debug|iPhoneSimulator.Build.0 = Debug|Any CPU
		{4F9A5511-5078-4FCC-A951-184C9E8C46D2}.Release|Any CPU.ActiveCfg = Release|Any CPU
		{4F9A5511-5078-4FCC-A951-184C9E8C46D2}.Release|Any CPU.Build.0 = Release|Any CPU
		{4F9A5511-5078-4FCC-A951-184C9E8C46D2}.Release|iPhone.ActiveCfg = Release|Any CPU
		{4F9A5511-5078-4FCC-A951-184C9E8C46D2}.Release|iPhone.Build.0 = Release|Any CPU
		{4F9A5511-5078-4FCC-A951-184C9E8C46D2}.Release|iPhoneSimulator.ActiveCfg = Release|Any CPU
		{4F9A5511-5078-4FCC-A951-184C9E8C46D2}.Release|iPhoneSimulator.Build.0 = Release|Any CPU
		{6A28D199-2BA4-4368-9224-8F305C9C2746}.Ad-Hoc|Any CPU.ActiveCfg = Release|Any CPU
		{6A28D199-2BA4-4368-9224-8F305C9C2746}.Ad-Hoc|Any CPU.Build.0 = Release|Any CPU
		{6A28D199-2BA4-4368-9224-8F305C9C2746}.Ad-Hoc|Any CPU.Deploy.0 = Release|Any CPU
		{6A28D199-2BA4-4368-9224-8F305C9C2746}.Ad-Hoc|iPhone.ActiveCfg = Release|Any CPU
		{6A28D199-2BA4-4368-9224-8F305C9C2746}.Ad-Hoc|iPhone.Build.0 = Release|Any CPU
		{6A28D199-2BA4-4368-9224-8F305C9C2746}.Ad-Hoc|iPhone.Deploy.0 = Release|Any CPU
		{6A28D199-2BA4-4368-9224-8F305C9C2746}.Ad-Hoc|iPhoneSimulator.ActiveCfg = Release|Any CPU
		{6A28D199-2BA4-4368-9224-8F305C9C2746}.Ad-Hoc|iPhoneSimulator.Build.0 = Release|Any CPU
		{6A28D199-2BA4-4368-9224-8F305C9C2746}.Ad-Hoc|iPhoneSimulator.Deploy.0 = Release|Any CPU
		{6A28D199-2BA4-4368-9224-8F305C9C2746}.AppStore|Any CPU.ActiveCfg = Release|Any CPU
		{6A28D199-2BA4-4368-9224-8F305C9C2746}.AppStore|Any CPU.Build.0 = Release|Any CPU
		{6A28D199-2BA4-4368-9224-8F305C9C2746}.AppStore|Any CPU.Deploy.0 = Release|Any CPU
		{6A28D199-2BA4-4368-9224-8F305C9C2746}.AppStore|iPhone.ActiveCfg = Release|Any CPU
		{6A28D199-2BA4-4368-9224-8F305C9C2746}.AppStore|iPhone.Build.0 = Release|Any CPU
		{6A28D199-2BA4-4368-9224-8F305C9C2746}.AppStore|iPhone.Deploy.0 = Release|Any CPU
		{6A28D199-2BA4-4368-9224-8F305C9C2746}.AppStore|iPhoneSimulator.ActiveCfg = Release|Any CPU
		{6A28D199-2BA4-4368-9224-8F305C9C2746}.AppStore|iPhoneSimulator.Build.0 = Release|Any CPU
		{6A28D199-2BA4-4368-9224-8F305C9C2746}.AppStore|iPhoneSimulator.Deploy.0 = Release|Any CPU
		{6A28D199-2BA4-4368-9224-8F305C9C2746}.Debug|Any CPU.ActiveCfg = Debug|Any CPU
		{6A28D199-2BA4-4368-9224-8F305C9C2746}.Debug|Any CPU.Build.0 = Debug|Any CPU
		{6A28D199-2BA4-4368-9224-8F305C9C2746}.Debug|Any CPU.Deploy.0 = Debug|Any CPU
		{6A28D199-2BA4-4368-9224-8F305C9C2746}.Debug|iPhone.ActiveCfg = Debug|Any CPU
		{6A28D199-2BA4-4368-9224-8F305C9C2746}.Debug|iPhone.Build.0 = Debug|Any CPU
		{6A28D199-2BA4-4368-9224-8F305C9C2746}.Debug|iPhone.Deploy.0 = Debug|Any CPU
		{6A28D199-2BA4-4368-9224-8F305C9C2746}.Debug|iPhoneSimulator.ActiveCfg = Debug|Any CPU
		{6A28D199-2BA4-4368-9224-8F305C9C2746}.Debug|iPhoneSimulator.Build.0 = Debug|Any CPU
		{6A28D199-2BA4-4368-9224-8F305C9C2746}.Debug|iPhoneSimulator.Deploy.0 = Debug|Any CPU
		{6A28D199-2BA4-4368-9224-8F305C9C2746}.Release|Any CPU.ActiveCfg = Release|Any CPU
		{6A28D199-2BA4-4368-9224-8F305C9C2746}.Release|Any CPU.Build.0 = Release|Any CPU
		{6A28D199-2BA4-4368-9224-8F305C9C2746}.Release|Any CPU.Deploy.0 = Release|Any CPU
		{6A28D199-2BA4-4368-9224-8F305C9C2746}.Release|iPhone.ActiveCfg = Release|Any CPU
		{6A28D199-2BA4-4368-9224-8F305C9C2746}.Release|iPhone.Build.0 = Release|Any CPU
		{6A28D199-2BA4-4368-9224-8F305C9C2746}.Release|iPhone.Deploy.0 = Release|Any CPU
		{6A28D199-2BA4-4368-9224-8F305C9C2746}.Release|iPhoneSimulator.ActiveCfg = Release|Any CPU
		{6A28D199-2BA4-4368-9224-8F305C9C2746}.Release|iPhoneSimulator.Build.0 = Release|Any CPU
		{6A28D199-2BA4-4368-9224-8F305C9C2746}.Release|iPhoneSimulator.Deploy.0 = Release|Any CPU
		{8B703FF3-9DBF-4F2C-8C36-A65DA6B2FD49}.Ad-Hoc|Any CPU.ActiveCfg = Ad-Hoc|iPhone
		{8B703FF3-9DBF-4F2C-8C36-A65DA6B2FD49}.Ad-Hoc|iPhone.ActiveCfg = Ad-Hoc|iPhone
		{8B703FF3-9DBF-4F2C-8C36-A65DA6B2FD49}.Ad-Hoc|iPhone.Build.0 = Ad-Hoc|iPhone
		{8B703FF3-9DBF-4F2C-8C36-A65DA6B2FD49}.Ad-Hoc|iPhoneSimulator.ActiveCfg = Ad-Hoc|iPhoneSimulator
		{8B703FF3-9DBF-4F2C-8C36-A65DA6B2FD49}.Ad-Hoc|iPhoneSimulator.Build.0 = Ad-Hoc|iPhoneSimulator
		{8B703FF3-9DBF-4F2C-8C36-A65DA6B2FD49}.AppStore|Any CPU.ActiveCfg = AppStore|iPhone
		{8B703FF3-9DBF-4F2C-8C36-A65DA6B2FD49}.AppStore|iPhone.ActiveCfg = AppStore|iPhone
		{8B703FF3-9DBF-4F2C-8C36-A65DA6B2FD49}.AppStore|iPhone.Build.0 = AppStore|iPhone
		{8B703FF3-9DBF-4F2C-8C36-A65DA6B2FD49}.AppStore|iPhoneSimulator.ActiveCfg = AppStore|iPhoneSimulator
		{8B703FF3-9DBF-4F2C-8C36-A65DA6B2FD49}.AppStore|iPhoneSimulator.Build.0 = AppStore|iPhoneSimulator
		{8B703FF3-9DBF-4F2C-8C36-A65DA6B2FD49}.Debug|Any CPU.ActiveCfg = Debug|iPhone
		{8B703FF3-9DBF-4F2C-8C36-A65DA6B2FD49}.Debug|iPhone.ActiveCfg = Debug|iPhone
		{8B703FF3-9DBF-4F2C-8C36-A65DA6B2FD49}.Debug|iPhone.Build.0 = Debug|iPhone
		{8B703FF3-9DBF-4F2C-8C36-A65DA6B2FD49}.Debug|iPhoneSimulator.ActiveCfg = Debug|iPhoneSimulator
		{8B703FF3-9DBF-4F2C-8C36-A65DA6B2FD49}.Debug|iPhoneSimulator.Build.0 = Debug|iPhoneSimulator
		{8B703FF3-9DBF-4F2C-8C36-A65DA6B2FD49}.Release|Any CPU.ActiveCfg = Release|iPhone
		{8B703FF3-9DBF-4F2C-8C36-A65DA6B2FD49}.Release|iPhone.ActiveCfg = Release|iPhone
		{8B703FF3-9DBF-4F2C-8C36-A65DA6B2FD49}.Release|iPhone.Build.0 = Release|iPhone
		{8B703FF3-9DBF-4F2C-8C36-A65DA6B2FD49}.Release|iPhoneSimulator.ActiveCfg = Release|iPhoneSimulator
		{8B703FF3-9DBF-4F2C-8C36-A65DA6B2FD49}.Release|iPhoneSimulator.Build.0 = Release|iPhoneSimulator
		{601A44C5-4CF5-441C-9996-32816B97090C}.Ad-Hoc|Any CPU.ActiveCfg = Debug|Any CPU
		{601A44C5-4CF5-441C-9996-32816B97090C}.Ad-Hoc|Any CPU.Build.0 = Debug|Any CPU
		{601A44C5-4CF5-441C-9996-32816B97090C}.Ad-Hoc|iPhone.ActiveCfg = Debug|Any CPU
		{601A44C5-4CF5-441C-9996-32816B97090C}.Ad-Hoc|iPhone.Build.0 = Debug|Any CPU
		{601A44C5-4CF5-441C-9996-32816B97090C}.Ad-Hoc|iPhoneSimulator.ActiveCfg = Debug|Any CPU
		{601A44C5-4CF5-441C-9996-32816B97090C}.Ad-Hoc|iPhoneSimulator.Build.0 = Debug|Any CPU
		{601A44C5-4CF5-441C-9996-32816B97090C}.AppStore|Any CPU.ActiveCfg = Debug|Any CPU
		{601A44C5-4CF5-441C-9996-32816B97090C}.AppStore|Any CPU.Build.0 = Debug|Any CPU
		{601A44C5-4CF5-441C-9996-32816B97090C}.AppStore|iPhone.ActiveCfg = Debug|Any CPU
		{601A44C5-4CF5-441C-9996-32816B97090C}.AppStore|iPhone.Build.0 = Debug|Any CPU
		{601A44C5-4CF5-441C-9996-32816B97090C}.AppStore|iPhoneSimulator.ActiveCfg = Debug|Any CPU
		{601A44C5-4CF5-441C-9996-32816B97090C}.AppStore|iPhoneSimulator.Build.0 = Debug|Any CPU
		{601A44C5-4CF5-441C-9996-32816B97090C}.Debug|Any CPU.ActiveCfg = Debug|Any CPU
		{601A44C5-4CF5-441C-9996-32816B97090C}.Debug|Any CPU.Build.0 = Debug|Any CPU
		{601A44C5-4CF5-441C-9996-32816B97090C}.Debug|iPhone.ActiveCfg = Debug|Any CPU
		{601A44C5-4CF5-441C-9996-32816B97090C}.Debug|iPhone.Build.0 = Debug|Any CPU
		{601A44C5-4CF5-441C-9996-32816B97090C}.Debug|iPhoneSimulator.ActiveCfg = Debug|Any CPU
		{601A44C5-4CF5-441C-9996-32816B97090C}.Debug|iPhoneSimulator.Build.0 = Debug|Any CPU
		{601A44C5-4CF5-441C-9996-32816B97090C}.Release|Any CPU.ActiveCfg = Release|Any CPU
		{601A44C5-4CF5-441C-9996-32816B97090C}.Release|Any CPU.Build.0 = Release|Any CPU
		{601A44C5-4CF5-441C-9996-32816B97090C}.Release|iPhone.ActiveCfg = Release|Any CPU
		{601A44C5-4CF5-441C-9996-32816B97090C}.Release|iPhone.Build.0 = Release|Any CPU
		{601A44C5-4CF5-441C-9996-32816B97090C}.Release|iPhoneSimulator.ActiveCfg = Release|Any CPU
		{601A44C5-4CF5-441C-9996-32816B97090C}.Release|iPhoneSimulator.Build.0 = Release|Any CPU
	EndGlobalSection
	GlobalSection(SolutionProperties) = preSolution
		HideSolutionNode = FALSE
	EndGlobalSection
	GlobalSection(ExtensibilityGlobals) = postSolution
		SolutionGuid = {683AAAEF-3EF0-4D27-B5C0-EB7119F14B46}
	EndGlobalSection
EndGlobal
